
Microsoft Visual Studio Solution File, Format Version 12.00
# Visual Studio Version 16
VisualStudioVersion = 16.0.30114.105
MinimumVisualStudioVersion = 10.0.40219.1
Project("{9A19103F-16F7-4668-BE54-9A1E7A4F7556}") = "PriceCalc", "PriceCalc\PriceCalc.csproj", "{BA3D9B95-CF0D-4FCC-887C-5FED71B7A723}"
EndProject
Project("{9A19103F-16F7-4668-BE54-9A1E7A4F7556}") = "PriceCalc.Tests", "PriceCalc.Tests\PriceCalc.Tests.csproj", "{CCB6C131-892E-4663-A340-69633367B67B}"
EndProject
Project("{FAE04EC0-301F-11D3-BF4B-00C04F79EFBC}") = "PriceCalc.UnitTests", "PriceCalc.UnitTests\PriceCalc.UnitTests.csproj", "{AE1EF6D9-D120-4BD4-AFAA-1F71E7FBDB0F}"
EndProject
Global
	GlobalSection(SolutionConfigurationPlatforms) = preSolution
		Debug|Any CPU = Debug|Any CPU
		Release|Any CPU = Release|Any CPU
	EndGlobalSection
	GlobalSection(ProjectConfigurationPlatforms) = postSolution
		{BA3D9B95-CF0D-4FCC-887C-5FED71B7A723}.Debug|Any CPU.ActiveCfg = Debug|Any CPU
		{BA3D9B95-CF0D-4FCC-887C-5FED71B7A723}.Debug|Any CPU.Build.0 = Debug|Any CPU
		{BA3D9B95-CF0D-4FCC-887C-5FED71B7A723}.Release|Any CPU.ActiveCfg = Release|Any CPU
		{BA3D9B95-CF0D-4FCC-887C-5FED71B7A723}.Release|Any CPU.Build.0 = Release|Any CPU
		{CCB6C131-892E-4663-A340-69633367B67B}.Debug|Any CPU.ActiveCfg = Debug|Any CPU
		{CCB6C131-892E-4663-A340-69633367B67B}.Debug|Any CPU.Build.0 = Debug|Any CPU
		{CCB6C131-892E-4663-A340-69633367B67B}.Release|Any CPU.ActiveCfg = Release|Any CPU
		{CCB6C131-892E-4663-A340-69633367B67B}.Release|Any CPU.Build.0 = Release|Any CPU
		{AE1EF6D9-D120-4BD4-AFAA-1F71E7FBDB0F}.Debug|Any CPU.ActiveCfg = Debug|Any CPU
		{AE1EF6D9-D120-4BD4-AFAA-1F71E7FBDB0F}.Debug|Any CPU.Build.0 = Debug|Any CPU
		{AE1EF6D9-D120-4BD4-AFAA-1F71E7FBDB0F}.Release|Any CPU.ActiveCfg = Release|Any CPU
		{AE1EF6D9-D120-4BD4-AFAA-1F71E7FBDB0F}.Release|Any CPU.Build.0 = Release|Any CPU
	EndGlobalSection
	GlobalSection(SolutionProperties) = preSolution
		HideSolutionNode = FALSE
	EndGlobalSection
	GlobalSection(ExtensibilityGlobals) = postSolution
		SolutionGuid = {A12A2E29-BDB2-4908-83D7-1966EE414501}
	EndGlobalSection
EndGlobal
